
Microsoft Visual Studio Solution File, Format Version 12.00
# Visual Studio Version 17
VisualStudioVersion = 17.13.35818.85 d17.13
MinimumVisualStudioVersion = 10.0.40219.1
Project("{FAE04EC0-301F-11D3-BF4B-00C04F79EFBC}") = "Assignment02_EF", "Assignment02_EF\Assignment02_EF.csproj", "{AF8DA99E-9CBE-42F3-8C46-F7F43887B4F2}"
EndProject
Global
	GlobalSection(SolutionConfigurationPlatforms) = preSolution
		Debug|Any CPU = Debug|Any CPU
		Release|Any CPU = Release|Any CPU
	EndGlobalSection
	GlobalSection(ProjectConfigurationPlatforms) = postSolution
		{AF8DA99E-9CBE-42F3-8C46-F7F43887B4F2}.Debug|Any CPU.ActiveCfg = Debug|Any CPU
		{AF8DA99E-9CBE-42F3-8C46-F7F43887B4F2}.Debug|Any CPU.Build.0 = Debug|Any CPU
		{AF8DA99E-9CBE-42F3-8C46-F7F43887B4F2}.Release|Any CPU.ActiveCfg = Release|Any CPU
		{AF8DA99E-9CBE-42F3-8C46-F7F43887B4F2}.Release|Any CPU.Build.0 = Release|Any CPU
	EndGlobalSection
	GlobalSection(SolutionProperties) = preSolution
		HideSolutionNode = FALSE
	EndGlobalSection
	GlobalSection(ExtensibilityGlobals) = postSolution
		SolutionGuid = {4283DCA1-1B5D-454B-A7F6-7B405CE35929}
	EndGlobalSection
EndGlobal
